// !$*UTF8*$!
{
	archiveVersion = 1;
	classes = {
	};
	objectVersion = 56;
	objects = {

/* Begin PBXBuildFile section */
		FBC613402AE8E75E00C95011 /* CoreDataPracticeApp.swift in Sources */ = {isa = PBXBuildFile; fileRef = FBC6133F2AE8E75E00C95011 /* CoreDataPracticeApp.swift */; };
		FBC613422AE8E75E00C95011 /* ContentView.swift in Sources */ = {isa = PBXBuildFile; fileRef = FBC613412AE8E75E00C95011 /* ContentView.swift */; };
		FBC613442AE8E75F00C95011 /* Assets.xcassets in Resources */ = {isa = PBXBuildFile; fileRef = FBC613432AE8E75F00C95011 /* Assets.xcassets */; };
		FBC613482AE8E75F00C95011 /* Preview Assets.xcassets in Resources */ = {isa = PBXBuildFile; fileRef = FBC613472AE8E75F00C95011 /* Preview Assets.xcassets */; };
		FBC613502AE8E79C00C95011 /* CoreData.xcdatamodeld in Sources */ = {isa = PBXBuildFile; fileRef = FBC6134E2AE8E79C00C95011 /* CoreData.xcdatamodeld */; };
		FBC613522AE8E7DA00C95011 /* ItemRepository.swift in Sources */ = {isa = PBXBuildFile; fileRef = FBC613512AE8E7DA00C95011 /* ItemRepository.swift */; };
		FBC613682AE8ED6700C95011 /* ContentViewModel.swift in Sources */ = {isa = PBXBuildFile; fileRef = FBC613672AE8ED6700C95011 /* ContentViewModel.swift */; };
		FBC613732AE8EF0A00C95011 /* SelfReturnable.swift in Sources */ = {isa = PBXBuildFile; fileRef = FBC613722AE8EF0A00C95011 /* SelfReturnable.swift */; };
		FBC613822AE8F45100C95011 /* ItemDTO+CoreDataClass.swift in Sources */ = {isa = PBXBuildFile; fileRef = FBC613802AE8F45100C95011 /* ItemDTO+CoreDataClass.swift */; };
		FBC613832AE8F45100C95011 /* ItemDTO+CoreDataProperties.swift in Sources */ = {isa = PBXBuildFile; fileRef = FBC613812AE8F45100C95011 /* ItemDTO+CoreDataProperties.swift */; };
		FBC613852AE8F45D00C95011 /* ItemEntity.swift in Sources */ = {isa = PBXBuildFile; fileRef = FBC613842AE8F45D00C95011 /* ItemEntity.swift */; };
		FBC613872AE8FC4B00C95011 /* ItemRepositoriable.swift in Sources */ = {isa = PBXBuildFile; fileRef = FBC613862AE8FC4B00C95011 /* ItemRepositoriable.swift */; };
		FBC613892AE8FE0000C95011 /* CoreDataDB.swift in Sources */ = {isa = PBXBuildFile; fileRef = FBC613882AE8FE0000C95011 /* CoreDataDB.swift */; };
/* End PBXBuildFile section */

/* Begin PBXFileReference section */
		FBC6133C2AE8E75E00C95011 /* CoreDataPractice.app */ = {isa = PBXFileReference; explicitFileType = wrapper.application; includeInIndex = 0; path = CoreDataPractice.app; sourceTree = BUILT_PRODUCTS_DIR; };
		FBC6133F2AE8E75E00C95011 /* CoreDataPracticeApp.swift */ = {isa = PBXFileReference; lastKnownFileType = sourcecode.swift; path = CoreDataPracticeApp.swift; sourceTree = "<group>"; };
		FBC613412AE8E75E00C95011 /* ContentView.swift */ = {isa = PBXFileReference; lastKnownFileType = sourcecode.swift; path = ContentView.swift; sourceTree = "<group>"; };
		FBC613432AE8E75F00C95011 /* Assets.xcassets */ = {isa = PBXFileReference; lastKnownFileType = folder.assetcatalog; path = Assets.xcassets; sourceTree = "<group>"; };
		FBC613452AE8E75F00C95011 /* CoreDataPractice.entitlements */ = {isa = PBXFileReference; lastKnownFileType = text.plist.entitlements; path = CoreDataPractice.entitlements; sourceTree = "<group>"; };
		FBC613472AE8E75F00C95011 /* Preview Assets.xcassets */ = {isa = PBXFileReference; lastKnownFileType = folder.assetcatalog; path = "Preview Assets.xcassets"; sourceTree = "<group>"; };
		FBC6134F2AE8E79C00C95011 /* CoreData.xcdatamodel */ = {isa = PBXFileReference; lastKnownFileType = wrapper.xcdatamodel; path = CoreData.xcdatamodel; sourceTree = "<group>"; };
		FBC613512AE8E7DA00C95011 /* ItemRepository.swift */ = {isa = PBXFileReference; lastKnownFileType = sourcecode.swift; path = ItemRepository.swift; sourceTree = "<group>"; };
		FBC613672AE8ED6700C95011 /* ContentViewModel.swift */ = {isa = PBXFileReference; lastKnownFileType = sourcecode.swift; path = ContentViewModel.swift; sourceTree = "<group>"; };
		FBC613722AE8EF0A00C95011 /* SelfReturnable.swift */ = {isa = PBXFileReference; lastKnownFileType = sourcecode.swift; path = SelfReturnable.swift; sourceTree = "<group>"; };
		FBC613802AE8F45100C95011 /* ItemDTO+CoreDataClass.swift */ = {isa = PBXFileReference; lastKnownFileType = sourcecode.swift; path = "ItemDTO+CoreDataClass.swift"; sourceTree = "<group>"; };
		FBC613812AE8F45100C95011 /* ItemDTO+CoreDataProperties.swift */ = {isa = PBXFileReference; lastKnownFileType = sourcecode.swift; path = "ItemDTO+CoreDataProperties.swift"; sourceTree = "<group>"; };
		FBC613842AE8F45D00C95011 /* ItemEntity.swift */ = {isa = PBXFileReference; lastKnownFileType = sourcecode.swift; path = ItemEntity.swift; sourceTree = "<group>"; };
		FBC613862AE8FC4B00C95011 /* ItemRepositoriable.swift */ = {isa = PBXFileReference; lastKnownFileType = sourcecode.swift; path = ItemRepositoriable.swift; sourceTree = "<group>"; };
		FBC613882AE8FE0000C95011 /* CoreDataDB.swift */ = {isa = PBXFileReference; lastKnownFileType = sourcecode.swift; path = CoreDataDB.swift; sourceTree = "<group>"; };
/* End PBXFileReference section */

/* Begin PBXFrameworksBuildPhase section */
		FBC613392AE8E75E00C95011 /* Frameworks */ = {
			isa = PBXFrameworksBuildPhase;
			buildActionMask = 2147483647;
			files = (
			);
			runOnlyForDeploymentPostprocessing = 0;
		};
/* End PBXFrameworksBuildPhase section */

/* Begin PBXGroup section */
		FBC613332AE8E75E00C95011 = {
			isa = PBXGroup;
			children = (
				FBC6133E2AE8E75E00C95011 /* CoreDataPractice */,
				FBC6133D2AE8E75E00C95011 /* Products */,
			);
			sourceTree = "<group>";
		};
		FBC6133D2AE8E75E00C95011 /* Products */ = {
			isa = PBXGroup;
			children = (
				FBC6133C2AE8E75E00C95011 /* CoreDataPractice.app */,
			);
			name = Products;
			sourceTree = "<group>";
		};
		FBC6133E2AE8E75E00C95011 /* CoreDataPractice */ = {
			isa = PBXGroup;
			children = (
				FBC6133F2AE8E75E00C95011 /* CoreDataPracticeApp.swift */,
				FBC613412AE8E75E00C95011 /* ContentView.swift */,
				FBC613672AE8ED6700C95011 /* ContentViewModel.swift */,
				FBC6138A2AE909BB00C95011 /* ItemModule */,
				FBC613712AE8EEFF00C95011 /* Utils */,
				FBC613532AE8E83500C95011 /* CoreData */,
				FBC613432AE8E75F00C95011 /* Assets.xcassets */,
				FBC613452AE8E75F00C95011 /* CoreDataPractice.entitlements */,
				FBC613462AE8E75F00C95011 /* Preview Content */,
			);
			path = CoreDataPractice;
			sourceTree = "<group>";
		};
		FBC613462AE8E75F00C95011 /* Preview Content */ = {
			isa = PBXGroup;
			children = (
				FBC613472AE8E75F00C95011 /* Preview Assets.xcassets */,
			);
			path = "Preview Content";
			sourceTree = "<group>";
		};
		FBC613532AE8E83500C95011 /* CoreData */ = {
			isa = PBXGroup;
			children = (
				FBC6138B2AE90A0800C95011 /* Repository */,
				FBC6135E2AE8EC1E00C95011 /* DTO */,
				FBC6134E2AE8E79C00C95011 /* CoreData.xcdatamodeld */,
				FBC613882AE8FE0000C95011 /* CoreDataDB.swift */,
			);
			path = CoreData;
			sourceTree = "<group>";
		};
		FBC6135E2AE8EC1E00C95011 /* DTO */ = {
			isa = PBXGroup;
			children = (
				FBC613802AE8F45100C95011 /* ItemDTO+CoreDataClass.swift */,
				FBC613812AE8F45100C95011 /* ItemDTO+CoreDataProperties.swift */,
			);
			path = DTO;
			sourceTree = "<group>";
		};
		FBC613712AE8EEFF00C95011 /* Utils */ = {
			isa = PBXGroup;
			children = (
				FBC613722AE8EF0A00C95011 /* SelfReturnable.swift */,
			);
			path = Utils;
			sourceTree = "<group>";
		};
		FBC6138A2AE909BB00C95011 /* ItemModule */ = {
			isa = PBXGroup;
			children = (
				FBC613842AE8F45D00C95011 /* ItemEntity.swift */,
				FBC613862AE8FC4B00C95011 /* ItemRepositoriable.swift */,
			);
			path = ItemModule;
			sourceTree = "<group>";
		};
		FBC6138B2AE90A0800C95011 /* Repository */ = {
			isa = PBXGroup;
			children = (
				FBC613512AE8E7DA00C95011 /* ItemRepository.swift */,
			);
			path = Repository;
			sourceTree = "<group>";
		};
/* End PBXGroup section */

/* Begin PBXNativeTarget section */
		FBC6133B2AE8E75E00C95011 /* CoreDataPractice */ = {
			isa = PBXNativeTarget;
			buildConfigurationList = FBC6134B2AE8E75F00C95011 /* Build configuration list for PBXNativeTarget "CoreDataPractice" */;
			buildPhases = (
				FBC613382AE8E75E00C95011 /* Sources */,
				FBC613392AE8E75E00C95011 /* Frameworks */,
				FBC6133A2AE8E75E00C95011 /* Resources */,
			);
			buildRules = (
			);
			dependencies = (
			);
			name = CoreDataPractice;
			productName = CoreDataPractice;
			productReference = FBC6133C2AE8E75E00C95011 /* CoreDataPractice.app */;
			productType = "com.apple.product-type.application";
		};
/* End PBXNativeTarget section */

/* Begin PBXProject section */
		FBC613342AE8E75E00C95011 /* Project object */ = {
			isa = PBXProject;
			attributes = {
				BuildIndependentTargetsInParallel = 1;
				LastSwiftUpdateCheck = 1500;
				LastUpgradeCheck = 1500;
				TargetAttributes = {
					FBC6133B2AE8E75E00C95011 = {
						CreatedOnToolsVersion = 15.0;
					};
				};
			};
			buildConfigurationList = FBC613372AE8E75E00C95011 /* Build configuration list for PBXProject "CoreDataPractice" */;
			compatibilityVersion = "Xcode 14.0";
			developmentRegion = en;
			hasScannedForEncodings = 0;
			knownRegions = (
				en,
				Base,
			);
			mainGroup = FBC613332AE8E75E00C95011;
			productRefGroup = FBC6133D2AE8E75E00C95011 /* Products */;
			projectDirPath = "";
			projectRoot = "";
			targets = (
				FBC6133B2AE8E75E00C95011 /* CoreDataPractice */,
			);
		};
/* End PBXProject section */

/* Begin PBXResourcesBuildPhase section */
		FBC6133A2AE8E75E00C95011 /* Resources */ = {
			isa = PBXResourcesBuildPhase;
			buildActionMask = 2147483647;
			files = (
				FBC613482AE8E75F00C95011 /* Preview Assets.xcassets in Resources */,
				FBC613442AE8E75F00C95011 /* Assets.xcassets in Resources */,
			);
			runOnlyForDeploymentPostprocessing = 0;
		};
/* End PBXResourcesBuildPhase section */

/* Begin PBXSourcesBuildPhase section */
		FBC613382AE8E75E00C95011 /* Sources */ = {
			isa = PBXSourcesBuildPhase;
			buildActionMask = 2147483647;
			files = (
				FBC613852AE8F45D00C95011 /* ItemEntity.swift in Sources */,
				FBC613422AE8E75E00C95011 /* ContentView.swift in Sources */,
				FBC613732AE8EF0A00C95011 /* SelfReturnable.swift in Sources */,
				FBC613892AE8FE0000C95011 /* CoreDataDB.swift in Sources */,
				FBC613822AE8F45100C95011 /* ItemDTO+CoreDataClass.swift in Sources */,
				FBC613872AE8FC4B00C95011 /* ItemRepositoriable.swift in Sources */,
				FBC613832AE8F45100C95011 /* ItemDTO+CoreDataProperties.swift in Sources */,
				FBC613402AE8E75E00C95011 /* CoreDataPracticeApp.swift in Sources */,
				FBC613522AE8E7DA00C95011 /* ItemRepository.swift in Sources */,
				FBC613682AE8ED6700C95011 /* ContentViewModel.swift in Sources */,
				FBC613502AE8E79C00C95011 /* CoreData.xcdatamodeld in Sources */,
			);
			runOnlyForDeploymentPostprocessing = 0;
		};
/* End PBXSourcesBuildPhase section */

/* Begin XCBuildConfiguration section */
		FBC613492AE8E75F00C95011 /* Debug */ = {
			isa = XCBuildConfiguration;
			buildSettings = {
				ALWAYS_SEARCH_USER_PATHS = NO;
				ASSETCATALOG_COMPILER_GENERATE_SWIFT_ASSET_SYMBOL_EXTENSIONS = YES;
				CLANG_ANALYZER_NONNULL = YES;
				CLANG_ANALYZER_NUMBER_OBJECT_CONVERSION = YES_AGGRESSIVE;
				CLANG_CXX_LANGUAGE_STANDARD = "gnu++20";
				CLANG_ENABLE_MODULES = YES;
				CLANG_ENABLE_OBJC_ARC = YES;
				CLANG_ENABLE_OBJC_WEAK = YES;
				CLANG_WARN_BLOCK_CAPTURE_AUTORELEASING = YES;
				CLANG_WARN_BOOL_CONVERSION = YES;
				CLANG_WARN_COMMA = YES;
				CLANG_WARN_CONSTANT_CONVERSION = YES;
				CLANG_WARN_DEPRECATED_OBJC_IMPLEMENTATIONS = YES;
				CLANG_WARN_DIRECT_OBJC_ISA_USAGE = YES_ERROR;
				CLANG_WARN_DOCUMENTATION_COMMENTS = YES;
				CLANG_WARN_EMPTY_BODY = YES;
				CLANG_WARN_ENUM_CONVERSION = YES;
				CLANG_WARN_INFINITE_RECURSION = YES;
				CLANG_WARN_INT_CONVERSION = YES;
				CLANG_WARN_NON_LITERAL_NULL_CONVERSION = YES;
				CLANG_WARN_OBJC_IMPLICIT_RETAIN_SELF = YES;
				CLANG_WARN_OBJC_LITERAL_CONVERSION = YES;
				CLANG_WARN_OBJC_ROOT_CLASS = YES_ERROR;
				CLANG_WARN_QUOTED_INCLUDE_IN_FRAMEWORK_HEADER = YES;
				CLANG_WARN_RANGE_LOOP_ANALYSIS = YES;
				CLANG_WARN_STRICT_PROTOTYPES = YES;
				CLANG_WARN_SUSPICIOUS_MOVE = YES;
				CLANG_WARN_UNGUARDED_AVAILABILITY = YES_AGGRESSIVE;
				CLANG_WARN_UNREACHABLE_CODE = YES;
				CLANG_WARN__DUPLICATE_METHOD_MATCH = YES;
				COPY_PHASE_STRIP = NO;
				DEBUG_INFORMATION_FORMAT = dwarf;
				ENABLE_STRICT_OBJC_MSGSEND = YES;
				ENABLE_TESTABILITY = YES;
				ENABLE_USER_SCRIPT_SANDBOXING = YES;
				GCC_C_LANGUAGE_STANDARD = gnu17;
				GCC_DYNAMIC_NO_PIC = NO;
				GCC_NO_COMMON_BLOCKS = YES;
				GCC_OPTIMIZATION_LEVEL = 0;
				GCC_PREPROCESSOR_DEFINITIONS = (
					"DEBUG=1",
					"$(inherited)",
				);
				GCC_WARN_64_TO_32_BIT_CONVERSION = YES;
				GCC_WARN_ABOUT_RETURN_TYPE = YES_ERROR;
				GCC_WARN_UNDECLARED_SELECTOR = YES;
				GCC_WARN_UNINITIALIZED_AUTOS = YES_AGGRESSIVE;
				GCC_WARN_UNUSED_FUNCTION = YES;
				GCC_WARN_UNUSED_VARIABLE = YES;
				LOCALIZATION_PREFERS_STRING_CATALOGS = YES;
				MTL_ENABLE_DEBUG_INFO = INCLUDE_SOURCE;
				MTL_FAST_MATH = YES;
				ONLY_ACTIVE_ARCH = YES;
				SWIFT_ACTIVE_COMPILATION_CONDITIONS = "DEBUG $(inherited)";
				SWIFT_OPTIMIZATION_LEVEL = "-Onone";
			};
			name = Debug;
		};
		FBC6134A2AE8E75F00C95011 /* Release */ = {
			isa = XCBuildConfiguration;
			buildSettings = {
				ALWAYS_SEARCH_USER_PATHS = NO;
				ASSETCATALOG_COMPILER_GENERATE_SWIFT_ASSET_SYMBOL_EXTENSIONS = YES;
				CLANG_ANALYZER_NONNULL = YES;
				CLANG_ANALYZER_NUMBER_OBJECT_CONVERSION = YES_AGGRESSIVE;
				CLANG_CXX_LANGUAGE_STANDARD = "gnu++20";
				CLANG_ENABLE_MODULES = YES;
				CLANG_ENABLE_OBJC_ARC = YES;
				CLANG_ENABLE_OBJC_WEAK = YES;
				CLANG_WARN_BLOCK_CAPTURE_AUTORELEASING = YES;
				CLANG_WARN_BOOL_CONVERSION = YES;
				CLANG_WARN_COMMA = YES;
				CLANG_WARN_CONSTANT_CONVERSION = YES;
				CLANG_WARN_DEPRECATED_OBJC_IMPLEMENTATIONS = YES;
				CLANG_WARN_DIRECT_OBJC_ISA_USAGE = YES_ERROR;
				CLANG_WARN_DOCUMENTATION_COMMENTS = YES;
				CLANG_WARN_EMPTY_BODY = YES;
				CLANG_WARN_ENUM_CONVERSION = YES;
				CLANG_WARN_INFINITE_RECURSION = YES;
				CLANG_WARN_INT_CONVERSION = YES;
				CLANG_WARN_NON_LITERAL_NULL_CONVERSION = YES;
				CLANG_WARN_OBJC_IMPLICIT_RETAIN_SELF = YES;
				CLANG_WARN_OBJC_LITERAL_CONVERSION = YES;
				CLANG_WARN_OBJC_ROOT_CLASS = YES_ERROR;
				CLANG_WARN_QUOTED_INCLUDE_IN_FRAMEWORK_HEADER = YES;
				CLANG_WARN_RANGE_LOOP_ANALYSIS = YES;
				CLANG_WARN_STRICT_PROTOTYPES = YES;
				CLANG_WARN_SUSPICIOUS_MOVE = YES;
				CLANG_WARN_UNGUARDED_AVAILABILITY = YES_AGGRESSIVE;
				CLANG_WARN_UNREACHABLE_CODE = YES;
				CLANG_WARN__DUPLICATE_METHOD_MATCH = YES;
				COPY_PHASE_STRIP = NO;
				DEBUG_INFORMATION_FORMAT = "dwarf-with-dsym";
				ENABLE_NS_ASSERTIONS = NO;
				ENABLE_STRICT_OBJC_MSGSEND = YES;
				ENABLE_USER_SCRIPT_SANDBOXING = YES;
				GCC_C_LANGUAGE_STANDARD = gnu17;
				GCC_NO_COMMON_BLOCKS = YES;
				GCC_WARN_64_TO_32_BIT_CONVERSION = YES;
				GCC_WARN_ABOUT_RETURN_TYPE = YES_ERROR;
				GCC_WARN_UNDECLARED_SELECTOR = YES;
				GCC_WARN_UNINITIALIZED_AUTOS = YES_AGGRESSIVE;
				GCC_WARN_UNUSED_FUNCTION = YES;
				GCC_WARN_UNUSED_VARIABLE = YES;
				LOCALIZATION_PREFERS_STRING_CATALOGS = YES;
				MTL_ENABLE_DEBUG_INFO = NO;
				MTL_FAST_MATH = YES;
				SWIFT_COMPILATION_MODE = wholemodule;
			};
			name = Release;
		};
		FBC6134C2AE8E75F00C95011 /* Debug */ = {
			isa = XCBuildConfiguration;
			buildSettings = {
				ASSETCATALOG_COMPILER_APPICON_NAME = AppIcon;
				ASSETCATALOG_COMPILER_GLOBAL_ACCENT_COLOR_NAME = AccentColor;
				CODE_SIGN_ENTITLEMENTS = CoreDataPractice/CoreDataPractice.entitlements;
				CODE_SIGN_STYLE = Automatic;
				CURRENT_PROJECT_VERSION = 1;
				DEVELOPMENT_ASSET_PATHS = "\"CoreDataPractice/Preview Content\"";
				DEVELOPMENT_TEAM = 76AJ433CP5;
				ENABLE_HARDENED_RUNTIME = YES;
				ENABLE_PREVIEWS = YES;
				GENERATE_INFOPLIST_FILE = YES;
				"INFOPLIST_KEY_UIApplicationSceneManifest_Generation[sdk=iphoneos*]" = YES;
				"INFOPLIST_KEY_UIApplicationSceneManifest_Generation[sdk=iphonesimulator*]" = YES;
				"INFOPLIST_KEY_UIApplicationSupportsIndirectInputEvents[sdk=iphoneos*]" = YES;
				"INFOPLIST_KEY_UIApplicationSupportsIndirectInputEvents[sdk=iphonesimulator*]" = YES;
				"INFOPLIST_KEY_UILaunchScreen_Generation[sdk=iphoneos*]" = YES;
				"INFOPLIST_KEY_UILaunchScreen_Generation[sdk=iphonesimulator*]" = YES;
				"INFOPLIST_KEY_UIStatusBarStyle[sdk=iphoneos*]" = UIStatusBarStyleDefault;
				"INFOPLIST_KEY_UIStatusBarStyle[sdk=iphonesimulator*]" = UIStatusBarStyleDefault;
				INFOPLIST_KEY_UISupportedInterfaceOrientations_iPad = "UIInterfaceOrientationPortrait UIInterfaceOrientationPortraitUpsideDown UIInterfaceOrientationLandscapeLeft UIInterfaceOrientationLandscapeRight";
				INFOPLIST_KEY_UISupportedInterfaceOrientations_iPhone = "UIInterfaceOrientationPortrait UIInterfaceOrientationLandscapeLeft UIInterfaceOrientationLandscapeRight";
				IPHONEOS_DEPLOYMENT_TARGET = 17.0;
				LD_RUNPATH_SEARCH_PATHS = "@executable_path/Frameworks";
				"LD_RUNPATH_SEARCH_PATHS[sdk=macosx*]" = "@executable_path/../Frameworks";
				MACOSX_DEPLOYMENT_TARGET = 14.0;
				MARKETING_VERSION = 1.0;
				PRODUCT_BUNDLE_IDENTIFIER = kim.CoreDataPractice;
				PRODUCT_NAME = "$(TARGET_NAME)";
				SDKROOT = auto;
				SUPPORTED_PLATFORMS = "iphoneos iphonesimulator macosx";
				SWIFT_EMIT_LOC_STRINGS = YES;
				SWIFT_VERSION = 5.0;
				TARGETED_DEVICE_FAMILY = "1,2";
			};
			name = Debug;
		};
		FBC6134D2AE8E75F00C95011 /* Release */ = {
			isa = XCBuildConfiguration;
			buildSettings = {
				ASSETCATALOG_COMPILER_APPICON_NAME = AppIcon;
				ASSETCATALOG_COMPILER_GLOBAL_ACCENT_COLOR_NAME = AccentColor;
				CODE_SIGN_ENTITLEMENTS = CoreDataPractice/CoreDataPractice.entitlements;
				CODE_SIGN_STYLE = Automatic;
				CURRENT_PROJECT_VERSION = 1;
				DEVELOPMENT_ASSET_PATHS = "\"CoreDataPractice/Preview Content\"";
				DEVELOPMENT_TEAM = 76AJ433CP5;
				ENABLE_HARDENED_RUNTIME = YES;
				ENABLE_PREVIEWS = YES;
				GENERATE_INFOPLIST_FILE = YES;
				"INFOPLIST_KEY_UIApplicationSceneManifest_Generation[sdk=iphoneos*]" = YES;
				"INFOPLIST_KEY_UIApplicationSceneManifest_Generation[sdk=iphonesimulator*]" = YES;
				"INFOPLIST_KEY_UIApplicationSupportsIndirectInputEvents[sdk=iphoneos*]" = YES;
				"INFOPLIST_KEY_UIApplicationSupportsIndirectInputEvents[sdk=iphonesimulator*]" = YES;
				"INFOPLIST_KEY_UILaunchScreen_Generation[sdk=iphoneos*]" = YES;
				"INFOPLIST_KEY_UILaunchScreen_Generation[sdk=iphonesimulator*]" = YES;
				"INFOPLIST_KEY_UIStatusBarStyle[sdk=iphoneos*]" = UIStatusBarStyleDefault;
				"INFOPLIST_KEY_UIStatusBarStyle[sdk=iphonesimulator*]" = UIStatusBarStyleDefault;
				INFOPLIST_KEY_UISupportedInterfaceOrientations_iPad = "UIInterfaceOrientationPortrait UIInterfaceOrientationPortraitUpsideDown UIInterfaceOrientationLandscapeLeft UIInterfaceOrientationLandscapeRight";
				INFOPLIST_KEY_UISupportedInterfaceOrientations_iPhone = "UIInterfaceOrientationPortrait UIInterfaceOrientationLandscapeLeft UIInterfaceOrientationLandscapeRight";
				IPHONEOS_DEPLOYMENT_TARGET = 17.0;
				LD_RUNPATH_SEARCH_PATHS = "@executable_path/Frameworks";
				"LD_RUNPATH_SEARCH_PATHS[sdk=macosx*]" = "@executable_path/../Frameworks";
				MACOSX_DEPLOYMENT_TARGET = 14.0;
				MARKETING_VERSION = 1.0;
				PRODUCT_BUNDLE_IDENTIFIER = kim.CoreDataPractice;
				PRODUCT_NAME = "$(TARGET_NAME)";
				SDKROOT = auto;
				SUPPORTED_PLATFORMS = "iphoneos iphonesimulator macosx";
				SWIFT_EMIT_LOC_STRINGS = YES;
				SWIFT_VERSION = 5.0;
				TARGETED_DEVICE_FAMILY = "1,2";
			};
			name = Release;
		};
/* End XCBuildConfiguration section */

/* Begin XCConfigurationList section */
		FBC613372AE8E75E00C95011 /* Build configuration list for PBXProject "CoreDataPractice" */ = {
			isa = XCConfigurationList;
			buildConfigurations = (
				FBC613492AE8E75F00C95011 /* Debug */,
				FBC6134A2AE8E75F00C95011 /* Release */,
			);
			defaultConfigurationIsVisible = 0;
			defaultConfigurationName = Release;
		};
		FBC6134B2AE8E75F00C95011 /* Build configuration list for PBXNativeTarget "CoreDataPractice" */ = {
			isa = XCConfigurationList;
			buildConfigurations = (
				FBC6134C2AE8E75F00C95011 /* Debug */,
				FBC6134D2AE8E75F00C95011 /* Release */,
			);
			defaultConfigurationIsVisible = 0;
			defaultConfigurationName = Release;
		};
/* End XCConfigurationList section */

/* Begin XCVersionGroup section */
		FBC6134E2AE8E79C00C95011 /* CoreData.xcdatamodeld */ = {
			isa = XCVersionGroup;
			children = (
				FBC6134F2AE8E79C00C95011 /* CoreData.xcdatamodel */,
			);
			currentVersion = FBC6134F2AE8E79C00C95011 /* CoreData.xcdatamodel */;
			path = CoreData.xcdatamodeld;
			sourceTree = "<group>";
			versionGroupType = wrapper.xcdatamodel;
		};
/* End XCVersionGroup section */
	};
	rootObject = FBC613342AE8E75E00C95011 /* Project object */;
}
